
Microsoft Visual Studio Solution File, Format Version 12.00
# Visual Studio Version 17
VisualStudioVersion = 17.9.34728.123
MinimumVisualStudioVersion = 10.0.40219.1
Project("{FAE04EC0-301F-11D3-BF4B-00C04F79EFBC}") = "Bislerium", "Bislerium\Bislerium.csproj", "{7F276F54-199C-412E-86AD-DF7F4B542F1C}"
EndProject
Global
	GlobalSection(SolutionConfigurationPlatforms) = preSolution
		Debug|Any CPU = Debug|Any CPU
		Release|Any CPU = Release|Any CPU
	EndGlobalSection
	GlobalSection(ProjectConfigurationPlatforms) = postSolution
		{7F276F54-199C-412E-86AD-DF7F4B542F1C}.Debug|Any CPU.ActiveCfg = Debug|Any CPU
		{7F276F54-199C-412E-86AD-DF7F4B542F1C}.Debug|Any CPU.Build.0 = Debug|Any CPU
		{7F276F54-199C-412E-86AD-DF7F4B542F1C}.Release|Any CPU.ActiveCfg = Release|Any CPU
		{7F276F54-199C-412E-86AD-DF7F4B542F1C}.Release|Any CPU.Build.0 = Release|Any CPU
	EndGlobalSection
	GlobalSection(SolutionProperties) = preSolution
		HideSolutionNode = FALSE
	EndGlobalSection
	GlobalSection(ExtensibilityGlobals) = postSolution
		SolutionGuid = {93869395-9A64-4580-B2FF-20C7D2B8AF0A}
	EndGlobalSection
EndGlobal
